
Microsoft Visual Studio Solution File, Format Version 12.00
# Visual Studio Version 17
VisualStudioVersion = 17.1.32228.430
MinimumVisualStudioVersion = 10.0.40219.1
Project("{9A19103F-16F7-4668-BE54-9A1E7A4F7556}") = "PhotoAlbum_AlcoverFinal", "PhotoAlbum_AlcoverFinal\PhotoAlbum_AlcoverFinal.csproj", "{D30BEBAD-C810-46F8-A374-5A7AD1932DF4}"
EndProject
Global
	GlobalSection(SolutionConfigurationPlatforms) = preSolution
		Debug|Any CPU = Debug|Any CPU
		Release|Any CPU = Release|Any CPU
	EndGlobalSection
	GlobalSection(ProjectConfigurationPlatforms) = postSolution
		{D30BEBAD-C810-46F8-A374-5A7AD1932DF4}.Debug|Any CPU.ActiveCfg = Debug|Any CPU
		{D30BEBAD-C810-46F8-A374-5A7AD1932DF4}.Debug|Any CPU.Build.0 = Debug|Any CPU
		{D30BEBAD-C810-46F8-A374-5A7AD1932DF4}.Release|Any CPU.ActiveCfg = Release|Any CPU
		{D30BEBAD-C810-46F8-A374-5A7AD1932DF4}.Release|Any CPU.Build.0 = Release|Any CPU
	EndGlobalSection
	GlobalSection(SolutionProperties) = preSolution
		HideSolutionNode = FALSE
	EndGlobalSection
	GlobalSection(ExtensibilityGlobals) = postSolution
		SolutionGuid = {690BFCC8-CAF3-4620-AE28-57059CFB4659}
	EndGlobalSection
EndGlobal
